
Microsoft Visual Studio Solution File, Format Version 12.00
# Visual Studio Version 17
VisualStudioVersion = 17.5.002.0
MinimumVisualStudioVersion = 10.0.40219.1
Project("{9A19103F-16F7-4668-BE54-9A1E7A4F7556}") = "SpikysLib", "SpikysLib.csproj", "{CE8D53F6-F269-4ACC-B784-3D82D9D0DAA5}"
EndProject
Global
	GlobalSection(SolutionConfigurationPlatforms) = preSolution
		Debug|Any CPU = Debug|Any CPU
		Release|Any CPU = Release|Any CPU
	EndGlobalSection
	GlobalSection(ProjectConfigurationPlatforms) = postSolution
		{CE8D53F6-F269-4ACC-B784-3D82D9D0DAA5}.Debug|Any CPU.ActiveCfg = Debug|Any CPU
		{CE8D53F6-F269-4ACC-B784-3D82D9D0DAA5}.Debug|Any CPU.Build.0 = Debug|Any CPU
		{CE8D53F6-F269-4ACC-B784-3D82D9D0DAA5}.Release|Any CPU.ActiveCfg = Release|Any CPU
		{CE8D53F6-F269-4ACC-B784-3D82D9D0DAA5}.Release|Any CPU.Build.0 = Release|Any CPU
	EndGlobalSection
	GlobalSection(SolutionProperties) = preSolution
		HideSolutionNode = FALSE
	EndGlobalSection
	GlobalSection(ExtensibilityGlobals) = postSolution
		SolutionGuid = {C2ADBDD3-A1BB-4BCA-8A4A-C23903BBE503}
	EndGlobalSection
EndGlobal
